// !$*UTF8*$!
{
	archiveVersion = 1;
	classes = {
	};
	objectVersion = 46;
	objects = {

/* Begin PBXBuildFile section */
		3D729D941E7C145A0008AABD /* AppDelegate.swift in Sources */ = {isa = PBXBuildFile; fileRef = 3D729D931E7C145A0008AABD /* AppDelegate.swift */; };
		3D729D961E7C145A0008AABD /* ViewController.swift in Sources */ = {isa = PBXBuildFile; fileRef = 3D729D951E7C145A0008AABD /* ViewController.swift */; };
		3D729D991E7C145A0008AABD /* Main.storyboard in Resources */ = {isa = PBXBuildFile; fileRef = 3D729D971E7C145A0008AABD /* Main.storyboard */; };
		3D729D9B1E7C145A0008AABD /* Assets.xcassets in Resources */ = {isa = PBXBuildFile; fileRef = 3D729D9A1E7C145A0008AABD /* Assets.xcassets */; };
		3D729D9E1E7C145A0008AABD /* LaunchScreen.storyboard in Resources */ = {isa = PBXBuildFile; fileRef = 3D729D9C1E7C145A0008AABD /* LaunchScreen.storyboard */; };
		3D77A8F61EAE3E6400F2F717 /* Normal.swift in Sources */ = {isa = PBXBuildFile; fileRef = 3D77A8F51EAE3E6400F2F717 /* Normal.swift */; };
		3DA22A701E851AC4004EBDC7 /* LabrinthIndicator.swift in Sources */ = {isa = PBXBuildFile; fileRef = 3DA22A6F1E851AC4004EBDC7 /* LabrinthIndicator.swift */; };
		3DC5CAFD1EA1FE88007BD82C /* Indicate.swift in Sources */ = {isa = PBXBuildFile; fileRef = 3DC5CAFC1EA1FE88007BD82C /* Indicate.swift */; };
/* End PBXBuildFile section */

/* Begin PBXFileReference section */
		3D3EBBCB1EB2430100FE08E3 /* AppDelegate.swift */ = {isa = PBXFileReference; lastKnownFileType = sourcecode.swift; path = AppDelegate.swift; sourceTree = "<group>"; };
		3D3EBBCD1EB2430100FE08E3 /* ViewController.swift */ = {isa = PBXFileReference; lastKnownFileType = sourcecode.swift; path = ViewController.swift; sourceTree = "<group>"; };
		3D3EBBD01EB2430100FE08E3 /* Base */ = {isa = PBXFileReference; lastKnownFileType = file.storyboard; name = Base; path = Base.lproj/Main.storyboard; sourceTree = "<group>"; };
		3D3EBBD21EB2430100FE08E3 /* Assets.xcassets */ = {isa = PBXFileReference; lastKnownFileType = folder.assetcatalog; path = Assets.xcassets; sourceTree = "<group>"; };
		3D3EBBD51EB2430100FE08E3 /* Base */ = {isa = PBXFileReference; lastKnownFileType = file.storyboard; name = Base; path = Base.lproj/LaunchScreen.storyboard; sourceTree = "<group>"; };
		3D3EBBD71EB2430100FE08E3 /* Info.plist */ = {isa = PBXFileReference; lastKnownFileType = text.plist.xml; path = Info.plist; sourceTree = "<group>"; };
		3D729D901E7C145A0008AABD /* Indicate.app */ = {isa = PBXFileReference; explicitFileType = wrapper.application; includeInIndex = 0; path = Indicate.app; sourceTree = BUILT_PRODUCTS_DIR; };
		3D729D931E7C145A0008AABD /* AppDelegate.swift */ = {isa = PBXFileReference; lastKnownFileType = sourcecode.swift; path = AppDelegate.swift; sourceTree = "<group>"; };
		3D729D951E7C145A0008AABD /* ViewController.swift */ = {isa = PBXFileReference; lastKnownFileType = sourcecode.swift; path = ViewController.swift; sourceTree = "<group>"; };
		3D729D981E7C145A0008AABD /* Base */ = {isa = PBXFileReference; lastKnownFileType = file.storyboard; name = Base; path = Base.lproj/Main.storyboard; sourceTree = "<group>"; };
		3D729D9A1E7C145A0008AABD /* Assets.xcassets */ = {isa = PBXFileReference; lastKnownFileType = folder.assetcatalog; path = Assets.xcassets; sourceTree = "<group>"; };
		3D729D9D1E7C145A0008AABD /* Base */ = {isa = PBXFileReference; lastKnownFileType = file.storyboard; name = Base; path = Base.lproj/LaunchScreen.storyboard; sourceTree = "<group>"; };
		3D729D9F1E7C145A0008AABD /* Info.plist */ = {isa = PBXFileReference; lastKnownFileType = text.plist.xml; path = Info.plist; sourceTree = "<group>"; };
		3D77A8F51EAE3E6400F2F717 /* Normal.swift */ = {isa = PBXFileReference; fileEncoding = 4; lastKnownFileType = sourcecode.swift; path = Normal.swift; sourceTree = "<group>"; };
		3DA22A6F1E851AC4004EBDC7 /* LabrinthIndicator.swift */ = {isa = PBXFileReference; fileEncoding = 4; lastKnownFileType = sourcecode.swift; path = LabrinthIndicator.swift; sourceTree = "<group>"; };
		3DC5CAFC1EA1FE88007BD82C /* Indicate.swift */ = {isa = PBXFileReference; fileEncoding = 4; lastKnownFileType = sourcecode.swift; path = Indicate.swift; sourceTree = "<group>"; };
/* End PBXFileReference section */

/* Begin PBXFrameworksBuildPhase section */
		3D729D8D1E7C145A0008AABD /* Frameworks */ = {
			isa = PBXFrameworksBuildPhase;
			buildActionMask = 2147483647;
			files = (
			);
			runOnlyForDeploymentPostprocessing = 0;
		};
/* End PBXFrameworksBuildPhase section */

/* Begin PBXGroup section */
		3D3EBBCA1EB2430100FE08E3 /* IndicateDemo */ = {
			isa = PBXGroup;
			children = (
				3D3EBBCB1EB2430100FE08E3 /* AppDelegate.swift */,
				3D3EBBCD1EB2430100FE08E3 /* ViewController.swift */,
				3D3EBBCF1EB2430100FE08E3 /* Main.storyboard */,
				3D3EBBD21EB2430100FE08E3 /* Assets.xcassets */,
				3D3EBBD41EB2430100FE08E3 /* LaunchScreen.storyboard */,
				3D3EBBD71EB2430100FE08E3 /* Info.plist */,
			);
			path = IndicateDemo;
			sourceTree = "<group>";
		};
		3D729D871E7C145A0008AABD = {
			isa = PBXGroup;
			children = (
				3D729D921E7C145A0008AABD /* Indicate */,
				3D3EBBCA1EB2430100FE08E3 /* IndicateDemo */,
				3D729D911E7C145A0008AABD /* Products */,
			);
			sourceTree = "<group>";
		};
		3D729D911E7C145A0008AABD /* Products */ = {
			isa = PBXGroup;
			children = (
				3D729D901E7C145A0008AABD /* Indicate.app */,
			);
			name = Products;
			sourceTree = "<group>";
		};
		3D729D921E7C145A0008AABD /* Indicate */ = {
			isa = PBXGroup;
			children = (
				3D729D931E7C145A0008AABD /* AppDelegate.swift */,
				3D729D951E7C145A0008AABD /* ViewController.swift */,
				3DA22A6F1E851AC4004EBDC7 /* LabrinthIndicator.swift */,
				3D77A8F51EAE3E6400F2F717 /* Normal.swift */,
				3DC5CAFC1EA1FE88007BD82C /* Indicate.swift */,
				3D729D971E7C145A0008AABD /* Main.storyboard */,
				3D729D9A1E7C145A0008AABD /* Assets.xcassets */,
				3D729D9C1E7C145A0008AABD /* LaunchScreen.storyboard */,
				3D729D9F1E7C145A0008AABD /* Info.plist */,
			);
			path = Indicate;
			sourceTree = "<group>";
		};
/* End PBXGroup section */

/* Begin PBXNativeTarget section */
		3D729D8F1E7C145A0008AABD /* Indicate */ = {
			isa = PBXNativeTarget;
			buildConfigurationList = 3D729DA21E7C145A0008AABD /* Build configuration list for PBXNativeTarget "Indicate" */;
			buildPhases = (
				A1C953B45453840679576936 /* [CP] Check Pods Manifest.lock */,
				3D729D8C1E7C145A0008AABD /* Sources */,
				3D729D8D1E7C145A0008AABD /* Frameworks */,
				3D729D8E1E7C145A0008AABD /* Resources */,
				FE6F0D37F9DEC7F5F12689E0 /* [CP] Embed Pods Frameworks */,
				D75A5B3DBD363B00AC1C80A2 /* [CP] Copy Pods Resources */,
			);
			buildRules = (
			);
			dependencies = (
			);
			name = Indicate;
			productName = Indicate;
			productReference = 3D729D901E7C145A0008AABD /* Indicate.app */;
			productType = "com.apple.product-type.application";
		};
/* End PBXNativeTarget section */

/* Begin PBXProject section */
		3D729D881E7C145A0008AABD /* Project object */ = {
			isa = PBXProject;
			attributes = {
				LastSwiftUpdateCheck = 0830;
				LastUpgradeCheck = 0820;
				ORGANIZATIONNAME = "Wayne Eldridge";
				TargetAttributes = {
					3D729D8F1E7C145A0008AABD = {
						CreatedOnToolsVersion = 8.2.1;
						DevelopmentTeam = 495M282LUS;
						ProvisioningStyle = Automatic;
					};
				};
			};
			buildConfigurationList = 3D729D8B1E7C145A0008AABD /* Build configuration list for PBXProject "Indicate" */;
			compatibilityVersion = "Xcode 3.2";
			developmentRegion = English;
			hasScannedForEncodings = 0;
			knownRegions = (
				en,
				Base,
			);
			mainGroup = 3D729D871E7C145A0008AABD;
			productRefGroup = 3D729D911E7C145A0008AABD /* Products */;
			projectDirPath = "";
			projectRoot = "";
			targets = (
				3D729D8F1E7C145A0008AABD /* Indicate */,
			);
		};
/* End PBXProject section */

/* Begin PBXResourcesBuildPhase section */
		3D729D8E1E7C145A0008AABD /* Resources */ = {
			isa = PBXResourcesBuildPhase;
			buildActionMask = 2147483647;
			files = (
				3D729D9E1E7C145A0008AABD /* LaunchScreen.storyboard in Resources */,
				3D729D9B1E7C145A0008AABD /* Assets.xcassets in Resources */,
				3D729D991E7C145A0008AABD /* Main.storyboard in Resources */,
			);
			runOnlyForDeploymentPostprocessing = 0;
		};
/* End PBXResourcesBuildPhase section */

/* Begin PBXShellScriptBuildPhase section */
		A1C953B45453840679576936 /* [CP] Check Pods Manifest.lock */ = {
			isa = PBXShellScriptBuildPhase;
			buildActionMask = 2147483647;
			files = (
			);
			inputPaths = (
			);
			name = "[CP] Check Pods Manifest.lock";
			outputPaths = (
			);
			runOnlyForDeploymentPostprocessing = 0;
			shellPath = /bin/sh;
			shellScript = "diff \"${PODS_PODFILE_DIR_PATH}/Podfile.lock\" \"${PODS_ROOT}/Manifest.lock\" > /dev/null\nif [ $? != 0 ] ; then\n    # print error to STDERR\n    echo \"error: The sandbox is not in sync with the Podfile.lock. Run 'pod install' or update your CocoaPods installation.\" >&2\n    exit 1\nfi\n";
			showEnvVarsInLog = 0;
		};
		D75A5B3DBD363B00AC1C80A2 /* [CP] Copy Pods Resources */ = {
			isa = PBXShellScriptBuildPhase;
			buildActionMask = 2147483647;
			files = (
			);
			inputPaths = (
			);
			name = "[CP] Copy Pods Resources";
			outputPaths = (
			);
			runOnlyForDeploymentPostprocessing = 0;
			shellPath = /bin/sh;
			shellScript = "\"${SRCROOT}/Pods/Target Support Files/Pods-Indicate/Pods-Indicate-resources.sh\"\n";
			showEnvVarsInLog = 0;
		};
		FE6F0D37F9DEC7F5F12689E0 /* [CP] Embed Pods Frameworks */ = {
			isa = PBXShellScriptBuildPhase;
			buildActionMask = 2147483647;
			files = (
			);
			inputPaths = (
			);
			name = "[CP] Embed Pods Frameworks";
			outputPaths = (
			);
			runOnlyForDeploymentPostprocessing = 0;
			shellPath = /bin/sh;
			shellScript = "\"${SRCROOT}/Pods/Target Support Files/Pods-Indicate/Pods-Indicate-frameworks.sh\"\n";
			showEnvVarsInLog = 0;
		};
/* End PBXShellScriptBuildPhase section */

/* Begin PBXSourcesBuildPhase section */
		3D729D8C1E7C145A0008AABD /* Sources */ = {
			isa = PBXSourcesBuildPhase;
			buildActionMask = 2147483647;
			files = (
				3DA22A701E851AC4004EBDC7 /* LabrinthIndicator.swift in Sources */,
				3D77A8F61EAE3E6400F2F717 /* Normal.swift in Sources */,
				3D729D961E7C145A0008AABD /* ViewController.swift in Sources */,
				3DC5CAFD1EA1FE88007BD82C /* Indicate.swift in Sources */,
				3D729D941E7C145A0008AABD /* AppDelegate.swift in Sources */,
			);
			runOnlyForDeploymentPostprocessing = 0;
		};
/* End PBXSourcesBuildPhase section */

/* Begin PBXVariantGroup section */
		3D3EBBCF1EB2430100FE08E3 /* Main.storyboard */ = {
			isa = PBXVariantGroup;
			children = (
				3D3EBBD01EB2430100FE08E3 /* Base */,
			);
			name = Main.storyboard;
			sourceTree = "<group>";
		};
		3D3EBBD41EB2430100FE08E3 /* LaunchScreen.storyboard */ = {
			isa = PBXVariantGroup;
			children = (
				3D3EBBD51EB2430100FE08E3 /* Base */,
			);
			name = LaunchScreen.storyboard;
			sourceTree = "<group>";
		};
		3D729D971E7C145A0008AABD /* Main.storyboard */ = {
			isa = PBXVariantGroup;
			children = (
				3D729D981E7C145A0008AABD /* Base */,
			);
			name = Main.storyboard;
			sourceTree = "<group>";
		};
		3D729D9C1E7C145A0008AABD /* LaunchScreen.storyboard */ = {
			isa = PBXVariantGroup;
			children = (
				3D729D9D1E7C145A0008AABD /* Base */,
			);
			name = LaunchScreen.storyboard;
			sourceTree = "<group>";
		};
/* End PBXVariantGroup section */

/* Begin XCBuildConfiguration section */
		3D729DA01E7C145A0008AABD /* Debug */ = {
			isa = XCBuildConfiguration;
			buildSettings = {
				ALWAYS_SEARCH_USER_PATHS = NO;
				CLANG_ANALYZER_NONNULL = YES;
				CLANG_CXX_LANGUAGE_STANDARD = "gnu++0x";
				CLANG_CXX_LIBRARY = "libc++";
				CLANG_ENABLE_MODULES = YES;
				CLANG_ENABLE_OBJC_ARC = YES;
				CLANG_WARN_BOOL_CONVERSION = YES;
				CLANG_WARN_CONSTANT_CONVERSION = YES;
				CLANG_WARN_DIRECT_OBJC_ISA_USAGE = YES_ERROR;
				CLANG_WARN_DOCUMENTATION_COMMENTS = YES;
				CLANG_WARN_EMPTY_BODY = YES;
				CLANG_WARN_ENUM_CONVERSION = YES;
				CLANG_WARN_INFINITE_RECURSION = YES;
				CLANG_WARN_INT_CONVERSION = YES;
				CLANG_WARN_OBJC_ROOT_CLASS = YES_ERROR;
				CLANG_WARN_SUSPICIOUS_MOVE = YES;
				CLANG_WARN_UNREACHABLE_CODE = YES;
				CLANG_WARN__DUPLICATE_METHOD_MATCH = YES;
				"CODE_SIGN_IDENTITY[sdk=iphoneos*]" = "iPhone Developer";
				COPY_PHASE_STRIP = NO;
				DEBUG_INFORMATION_FORMAT = dwarf;
				ENABLE_STRICT_OBJC_MSGSEND = YES;
				ENABLE_TESTABILITY = YES;
				GCC_C_LANGUAGE_STANDARD = gnu99;
				GCC_DYNAMIC_NO_PIC = NO;
				GCC_NO_COMMON_BLOCKS = YES;
				GCC_OPTIMIZATION_LEVEL = 0;
				GCC_PREPROCESSOR_DEFINITIONS = (
					"DEBUG=1",
					"$(inherited)",
				);
				GCC_WARN_64_TO_32_BIT_CONVERSION = YES;
				GCC_WARN_ABOUT_RETURN_TYPE = YES_ERROR;
				GCC_WARN_UNDECLARED_SELECTOR = YES;
				GCC_WARN_UNINITIALIZED_AUTOS = YES_AGGRESSIVE;
				GCC_WARN_UNUSED_FUNCTION = YES;
				GCC_WARN_UNUSED_VARIABLE = YES;
				IPHONEOS_DEPLOYMENT_TARGET = 10.2;
				MTL_ENABLE_DEBUG_INFO = YES;
				ONLY_ACTIVE_ARCH = YES;
				SDKROOT = iphoneos;
				SWIFT_ACTIVE_COMPILATION_CONDITIONS = DEBUG;
				SWIFT_OPTIMIZATION_LEVEL = "-Onone";
			};
			name = Debug;
		};
		3D729DA11E7C145A0008AABD /* Release */ = {
			isa = XCBuildConfiguration;
			buildSettings = {
				ALWAYS_SEARCH_USER_PATHS = NO;
				CLANG_ANALYZER_NONNULL = YES;
				CLANG_CXX_LANGUAGE_STANDARD = "gnu++0x";
				CLANG_CXX_LIBRARY = "libc++";
				CLANG_ENABLE_MODULES = YES;
				CLANG_ENABLE_OBJC_ARC = YES;
				CLANG_WARN_BOOL_CONVERSION = YES;
				CLANG_WARN_CONSTANT_CONVERSION = YES;
				CLANG_WARN_DIRECT_OBJC_ISA_USAGE = YES_ERROR;
				CLANG_WARN_DOCUMENTATION_COMMENTS = YES;
				CLANG_WARN_EMPTY_BODY = YES;
				CLANG_WARN_ENUM_CONVERSION = YES;
				CLANG_WARN_INFINITE_RECURSION = YES;
				CLANG_WARN_INT_CONVERSION = YES;
				CLANG_WARN_OBJC_ROOT_CLASS = YES_ERROR;
				CLANG_WARN_SUSPICIOUS_MOVE = YES;
				CLANG_WARN_UNREACHABLE_CODE = YES;
				CLANG_WARN__DUPLICATE_METHOD_MATCH = YES;
				"CODE_SIGN_IDENTITY[sdk=iphoneos*]" = "iPhone Developer";
				COPY_PHASE_STRIP = NO;
				DEBUG_INFORMATION_FORMAT = "dwarf-with-dsym";
				ENABLE_NS_ASSERTIONS = NO;
				ENABLE_STRICT_OBJC_MSGSEND = YES;
				GCC_C_LANGUAGE_STANDARD = gnu99;
				GCC_NO_COMMON_BLOCKS = YES;
				GCC_WARN_64_TO_32_BIT_CONVERSION = YES;
				GCC_WARN_ABOUT_RETURN_TYPE = YES_ERROR;
				GCC_WARN_UNDECLARED_SELECTOR = YES;
				GCC_WARN_UNINITIALIZED_AUTOS = YES_AGGRESSIVE;
				GCC_WARN_UNUSED_FUNCTION = YES;
				GCC_WARN_UNUSED_VARIABLE = YES;
				IPHONEOS_DEPLOYMENT_TARGET = 10.2;
				MTL_ENABLE_DEBUG_INFO = NO;
				SDKROOT = iphoneos;
				SWIFT_OPTIMIZATION_LEVEL = "-Owholemodule";
				VALIDATE_PRODUCT = YES;
			};
			name = Release;
		};
		3D729DA31E7C145A0008AABD /* Debug */ = {
			isa = XCBuildConfiguration;
			buildSettings = {
				ASSETCATALOG_COMPILER_APPICON_NAME = AppIcon;
				DEVELOPMENT_TEAM = 495M282LUS;
				INFOPLIST_FILE = Indicate/Info.plist;
				LD_RUNPATH_SEARCH_PATHS = "$(inherited) @executable_path/Frameworks";
				PRODUCT_BUNDLE_IDENTIFIER = com.indicate.Indicate;
				PRODUCT_NAME = "$(TARGET_NAME)";
				SWIFT_VERSION = 3.0;
			};
			name = Debug;
		};
		3D729DA41E7C145A0008AABD /* Release */ = {
			isa = XCBuildConfiguration;
			buildSettings = {
				ASSETCATALOG_COMPILER_APPICON_NAME = AppIcon;
				DEVELOPMENT_TEAM = 495M282LUS;
				INFOPLIST_FILE = Indicate/Info.plist;
				LD_RUNPATH_SEARCH_PATHS = "$(inherited) @executable_path/Frameworks";
				PRODUCT_BUNDLE_IDENTIFIER = com.indicate.Indicate;
				PRODUCT_NAME = "$(TARGET_NAME)";
				SWIFT_VERSION = 3.0;
			};
			name = Release;
		};
/* End XCBuildConfiguration section */

/* Begin XCConfigurationList section */
		3D729D8B1E7C145A0008AABD /* Build configuration list for PBXProject "Indicate" */ = {
			isa = XCConfigurationList;
			buildConfigurations = (
				3D729DA01E7C145A0008AABD /* Debug */,
				3D729DA11E7C145A0008AABD /* Release */,
			);
			defaultConfigurationIsVisible = 0;
			defaultConfigurationName = Release;
		};
		3D729DA21E7C145A0008AABD /* Build configuration list for PBXNativeTarget "Indicate" */ = {
			isa = XCConfigurationList;
			buildConfigurations = (
				3D729DA31E7C145A0008AABD /* Debug */,
				3D729DA41E7C145A0008AABD /* Release */,
			);
			defaultConfigurationIsVisible = 0;
			defaultConfigurationName = Release;
		};
/* End XCConfigurationList section */
	};
	rootObject = 3D729D881E7C145A0008AABD /* Project object */;
}
