PODS:
  - indicate (0.0.2)

DEPENDENCIES:
  - indicate (from `https://github.com/WayneEld/Indicate.git`)

EXTERNAL SOURCES:
  indicate:
    :git: https://github.com/WayneEld/Indicate.git

CHECKOUT OPTIONS:
  indicate:
    :commit: 0eae53fce122c9c73b37ee87418ff35c1ff3c979
    :git: https://github.com/WayneEld/Indicate.git

SPEC CHECKSUMS:
  indicate: 9561d1346027d0ec244e9f4f15fc002ed35c53be

PODFILE CHECKSUM: 137d7f4bc373ef48fede2cc197fb1e5604c54fb9

COCOAPODS: 1.2.1
